
Microsoft Visual Studio Solution File, Format Version 12.00
# Visual Studio Version 17
VisualStudioVersion = 17.3.32804.467
MinimumVisualStudioVersion = 10.0.40219.1
Project("{FAE04EC0-301F-11D3-BF4B-00C04F79EFBC}") = "AgentEWLDtlDeDb", "AgentEWLDtlDeDb\AgentEWLDtlDeDb.csproj", "{E385063E-BA51-4129-A8DC-3992F6ADA158}"
EndProject
Project("{FAE04EC0-301F-11D3-BF4B-00C04F79EFBC}") = "ManagerLib", "ManagerLib\ManagerLib.csproj", "{848640F7-E92A-4970-8FF7-AA8AAE340A05}"
EndProject
Project("{FAE04EC0-301F-11D3-BF4B-00C04F79EFBC}") = "SQLLib", "SQLLib\SQLLib.csproj", "{F757234B-B926-4754-8E79-DA1D399C83FD}"
EndProject
Project("{FAE04EC0-301F-11D3-BF4B-00C04F79EFBC}") = "AgentBatchScanPartialWLAuto", "AgentBatchScanPartialWLAuto\AgentBatchScanPartialWLAuto.csproj", "{7AC3791F-D8E7-4592-A2BF-9EBCA86A6C59}"
EndProject
Project("{FAE04EC0-301F-11D3-BF4B-00C04F79EFBC}") = "AgentRiskScore", "AgentRiskScore\AgentRiskScore.csproj", "{B2EBF26C-55D6-4805-850D-8127EDA4E4F7}"
EndProject
Global
	GlobalSection(SolutionConfigurationPlatforms) = preSolution
		Debug|Any CPU = Debug|Any CPU
		Release|Any CPU = Release|Any CPU
	EndGlobalSection
	GlobalSection(ProjectConfigurationPlatforms) = postSolution
		{E385063E-BA51-4129-A8DC-3992F6ADA158}.Debug|Any CPU.ActiveCfg = Debug|Any CPU
		{E385063E-BA51-4129-A8DC-3992F6ADA158}.Debug|Any CPU.Build.0 = Debug|Any CPU
		{E385063E-BA51-4129-A8DC-3992F6ADA158}.Release|Any CPU.ActiveCfg = Release|Any CPU
		{E385063E-BA51-4129-A8DC-3992F6ADA158}.Release|Any CPU.Build.0 = Release|Any CPU
		{848640F7-E92A-4970-8FF7-AA8AAE340A05}.Debug|Any CPU.ActiveCfg = Debug|Any CPU
		{848640F7-E92A-4970-8FF7-AA8AAE340A05}.Debug|Any CPU.Build.0 = Debug|Any CPU
		{848640F7-E92A-4970-8FF7-AA8AAE340A05}.Release|Any CPU.ActiveCfg = Release|Any CPU
		{848640F7-E92A-4970-8FF7-AA8AAE340A05}.Release|Any CPU.Build.0 = Release|Any CPU
		{F757234B-B926-4754-8E79-DA1D399C83FD}.Debug|Any CPU.ActiveCfg = Debug|Any CPU
		{F757234B-B926-4754-8E79-DA1D399C83FD}.Debug|Any CPU.Build.0 = Debug|Any CPU
		{F757234B-B926-4754-8E79-DA1D399C83FD}.Release|Any CPU.ActiveCfg = Release|Any CPU
		{F757234B-B926-4754-8E79-DA1D399C83FD}.Release|Any CPU.Build.0 = Release|Any CPU
		{7AC3791F-D8E7-4592-A2BF-9EBCA86A6C59}.Debug|Any CPU.ActiveCfg = Debug|Any CPU
		{7AC3791F-D8E7-4592-A2BF-9EBCA86A6C59}.Debug|Any CPU.Build.0 = Debug|Any CPU
		{7AC3791F-D8E7-4592-A2BF-9EBCA86A6C59}.Release|Any CPU.ActiveCfg = Release|Any CPU
		{7AC3791F-D8E7-4592-A2BF-9EBCA86A6C59}.Release|Any CPU.Build.0 = Release|Any CPU
		{B2EBF26C-55D6-4805-850D-8127EDA4E4F7}.Debug|Any CPU.ActiveCfg = Debug|Any CPU
		{B2EBF26C-55D6-4805-850D-8127EDA4E4F7}.Debug|Any CPU.Build.0 = Debug|Any CPU
		{B2EBF26C-55D6-4805-850D-8127EDA4E4F7}.Release|Any CPU.ActiveCfg = Release|Any CPU
		{B2EBF26C-55D6-4805-850D-8127EDA4E4F7}.Release|Any CPU.Build.0 = Release|Any CPU
	EndGlobalSection
	GlobalSection(SolutionProperties) = preSolution
		HideSolutionNode = FALSE
	EndGlobalSection
	GlobalSection(ExtensibilityGlobals) = postSolution
		SolutionGuid = {8C0BCC7F-09E4-478B-BFC3-64675F9BAB8F}
	EndGlobalSection
EndGlobal
